<?xml version="1.0" encoding="utf-8"?>
<Project ToolsVersion="4.0" xmlns="http://schemas.microsoft.com/developer/msbuild/2003">
  <ItemGroup>
    <ClCompile Include="src\testApp.cpp">
      <Filter>src</Filter>
    </ClCompile>
    <ClCompile Include="src\main.cpp">
      <Filter>src</Filter>
    </ClCompile>
    <ClCompile Include="src\main.cpp">
      <Filter>src</Filter>
    </ClCompile>
    <ClCompile Include="src\testApp.cpp">
      <Filter>src</Filter>
    </ClCompile>
    <ClCompile Include="..\..\..\addons\ofxCv\libs\CLD\src\ETF.cpp">
      <Filter>addons\ofxCv\libs\CLD\src</Filter>
    </ClCompile>
    <ClCompile Include="..\..\..\addons\ofxCv\libs\CLD\src\fdog.cpp">
      <Filter>addons\ofxCv\libs\CLD\src</Filter>
    </ClCompile>
    <ClCompile Include="..\..\..\addons\ofxCv\libs\ofxCv\src\Calibration.cpp">
      <Filter>addons\ofxCv\libs\ofxCv\src</Filter>
    </ClCompile>
    <ClCompile Include="..\..\..\addons\ofxCv\libs\ofxCv\src\ContourFinder.cpp">
      <Filter>addons\ofxCv\libs\ofxCv\src</Filter>
    </ClCompile>
    <ClCompile Include="..\..\..\addons\ofxCv\libs\ofxCv\src\Distance.cpp">
      <Filter>addons\ofxCv\libs\ofxCv\src</Filter>
    </ClCompile>
    <ClCompile Include="..\..\..\addons\ofxCv\libs\ofxCv\src\Flow.cpp">
      <Filter>addons\ofxCv\libs\ofxCv\src</Filter>
    </ClCompile>
    <ClCompile Include="..\..\..\addons\ofxCv\libs\ofxCv\src\Helpers.cpp">
      <Filter>addons\ofxCv\libs\ofxCv\src</Filter>
    </ClCompile>
    <ClCompile Include="..\..\..\addons\ofxCv\libs\ofxCv\src\ObjectFinder.cpp">
      <Filter>addons\ofxCv\libs\ofxCv\src</Filter>
    </ClCompile>
    <ClCompile Include="..\..\..\addons\ofxCv\libs\ofxCv\src\RunningBackground.cpp">
      <Filter>addons\ofxCv\libs\ofxCv\src</Filter>
    </ClCompile>
    <ClCompile Include="..\..\..\addons\ofxCv\libs\ofxCv\src\Tracker.cpp">
      <Filter>addons\ofxCv\libs\ofxCv\src</Filter>
    </ClCompile>
    <ClCompile Include="..\..\..\addons\ofxCv\libs\ofxCv\src\Utilities.cpp">
      <Filter>addons\ofxCv\libs\ofxCv\src</Filter>
    </ClCompile>
    <ClCompile Include="..\..\..\addons\ofxCv\libs\ofxCv\src\Wrappers.cpp">
      <Filter>addons\ofxCv\libs\ofxCv\src</Filter>
    </ClCompile>
    <ClCompile Include="..\..\..\addons\ofxOpenCv2.4.7\src\ofxCvColorImage.cpp">
      <Filter>addons\ofxOpenCv2.4.7\src</Filter>
    </ClCompile>
    <ClCompile Include="..\..\..\addons\ofxOpenCv2.4.7\src\ofxCvContourFinder.cpp">
      <Filter>addons\ofxOpenCv2.4.7\src</Filter>
    </ClCompile>
    <ClCompile Include="..\..\..\addons\ofxOpenCv2.4.7\src\ofxCvFloatImage.cpp">
      <Filter>addons\ofxOpenCv2.4.7\src</Filter>
    </ClCompile>
    <ClCompile Include="..\..\..\addons\ofxOpenCv2.4.7\src\ofxCvGrayscaleImage.cpp">
      <Filter>addons\ofxOpenCv2.4.7\src</Filter>
    </ClCompile>
    <ClCompile Include="..\..\..\addons\ofxOpenCv2.4.7\src\ofxCvHaarFinder.cpp">
      <Filter>addons\ofxOpenCv2.4.7\src</Filter>
    </ClCompile>
    <ClCompile Include="..\..\..\addons\ofxOpenCv2.4.7\src\ofxCvImage.cpp">
      <Filter>addons\ofxOpenCv2.4.7\src</Filter>
    </ClCompile>
    <ClCompile Include="..\..\..\addons\ofxOpenCv2.4.7\src\ofxCvShortImage.cpp">
      <Filter>addons\ofxOpenCv2.4.7\src</Filter>
    </ClCompile>
    <ClCompile Include="..\..\..\addons\ofxXmlSettings\src\ofxXmlSettings.cpp">
      <Filter>addons\ofxXmlSettings\src</Filter>
    </ClCompile>
    <ClCompile Include="..\..\..\addons\ofxXmlSettings\libs\tinyxml.cpp">
      <Filter>addons\ofxXmlSettings\libs</Filter>
    </ClCompile>
    <ClCompile Include="..\..\..\addons\ofxXmlSettings\libs\tinyxmlerror.cpp">
      <Filter>addons\ofxXmlSettings\libs</Filter>
    </ClCompile>
    <ClCompile Include="..\..\..\addons\ofxXmlSettings\libs\tinyxmlparser.cpp">
      <Filter>addons\ofxXmlSettings\libs</Filter>
    </ClCompile>
    <ClCompile Include="src\gcKeypointsRecover.cpp">
      <Filter>src\Matching</Filter>
    </ClCompile>
    <ClCompile Include="src\gcMatches2Points.cpp">
      <Filter>src\Matching</Filter>
    </ClCompile>
    <ClCompile Include="src\gcFilterMatches.cpp">
      <Filter>src\Matching</Filter>
    </ClCompile>
    <ClCompile Include="src\gcHomography.cpp">
      <Filter>src\Matching</Filter>
    </ClCompile>
    <ClCompile Include="src\agast\agast5_8.cc">
      <Filter>src\AGAST</Filter>
    </ClCompile>
    <ClCompile Include="src\agast\agast5_8_nms.cc">
      <Filter>src\AGAST</Filter>
    </ClCompile>
    <ClCompile Include="src\agast\agast7_12d.cc">
      <Filter>src\AGAST</Filter>
    </ClCompile>
    <ClCompile Include="src\agast\agast7_12d_nms.cc">
      <Filter>src\AGAST</Filter>
    </ClCompile>
    <ClCompile Include="src\agast\agast7_12s.cc">
      <Filter>src\AGAST</Filter>
    </ClCompile>
    <ClCompile Include="src\agast\agast7_12s_nms.cc">
      <Filter>src\AGAST</Filter>
    </ClCompile>
    <ClCompile Include="src\agast\AstDetector.cc">
      <Filter>src\AGAST</Filter>
    </ClCompile>
    <ClCompile Include="src\agast\nonMaximumSuppression.cc">
      <Filter>src\AGAST</Filter>
    </ClCompile>
    <ClCompile Include="src\agast\oast9_16.cc">
      <Filter>src\AGAST</Filter>
    </ClCompile>
    <ClCompile Include="src\agast\oast9_16_nms.cc">
      <Filter>src\AGAST</Filter>
    </ClCompile>
    <ClCompile Include="src\brisk\brisk.cpp">
      <Filter>src\BRISK</Filter>
    </ClCompile>
    <ClCompile Include="src\freak\freak.cpp">
      <Filter>src\FREAK</Filter>
    </ClCompile>
  </ItemGroup>
  <ItemGroup>
    <Filter Include="src">
      <UniqueIdentifier>{d8376475-7454-4a24-b08a-aac121d3ad6f}</UniqueIdentifier>
    </Filter>
    <Filter Include="addons">
      <UniqueIdentifier>{71834f65-f3a9-211e-73b8-dc8563776aec}</UniqueIdentifier>
    </Filter>
    <Filter Include="addons\ofxCv">
      <UniqueIdentifier>{a9c1150b-c1cb-2bc0-0f32-ed3be4444391}</UniqueIdentifier>
    </Filter>
    <Filter Include="addons\ofxCv\src">
      <UniqueIdentifier>{6b661273-844d-d754-f98d-c3b1e7b37b37}</UniqueIdentifier>
    </Filter>
    <Filter Include="addons\ofxCv\libs">
      <UniqueIdentifier>{2d63e874-134a-c540-1157-c931ecb42e76}</UniqueIdentifier>
    </Filter>
    <Filter Include="addons\ofxCv\libs\CLD">
      <UniqueIdentifier>{6e254616-00d9-d1ad-2976-b47584b13cb7}</UniqueIdentifier>
    </Filter>
    <Filter Include="addons\ofxCv\libs\CLD\include">
      <UniqueIdentifier>{127d6ebd-127a-d8c0-ae83-d8f251526611}</UniqueIdentifier>
    </Filter>
    <Filter Include="addons\ofxCv\libs\CLD\include\CLD">
      <UniqueIdentifier>{8b905df6-4298-b52e-6bad-bd9b911afc7b}</UniqueIdentifier>
    </Filter>
    <Filter Include="addons\ofxCv\libs\CLD\src">
      <UniqueIdentifier>{988c5de1-0a28-4035-7625-48d9ddba667b}</UniqueIdentifier>
    </Filter>
    <Filter Include="addons\ofxCv\libs\ofxCv">
      <UniqueIdentifier>{9104db86-fb76-46b8-7315-e1a9e701dbc2}</UniqueIdentifier>
    </Filter>
    <Filter Include="addons\ofxCv\libs\ofxCv\include">
      <UniqueIdentifier>{80cebd8f-dc90-1d69-bbf7-093dbbb8989b}</UniqueIdentifier>
    </Filter>
    <Filter Include="addons\ofxCv\libs\ofxCv\include\ofxCv">
      <UniqueIdentifier>{76e26063-b359-0a22-cc92-6f5b79573a49}</UniqueIdentifier>
    </Filter>
    <Filter Include="addons\ofxCv\libs\ofxCv\src">
      <UniqueIdentifier>{d4f40dfe-7bfe-9e37-3b94-006c2e0ac59d}</UniqueIdentifier>
    </Filter>
    <Filter Include="addons\ofxOpenCv2.4.7">
      <UniqueIdentifier>{efa0e5cf-1ec2-cbe4-cb59-137aa5f83b30}</UniqueIdentifier>
    </Filter>
    <Filter Include="addons\ofxOpenCv2.4.7\src">
      <UniqueIdentifier>{235798bc-db10-9000-c149-5279dc87a2c2}</UniqueIdentifier>
    </Filter>
    <Filter Include="addons\ofxOpenCv2.4.7\libs">
      <UniqueIdentifier>{7db930e9-f318-9487-77b6-597710940c4e}</UniqueIdentifier>
    </Filter>
    <Filter Include="addons\ofxOpenCv2.4.7\libs\opencv">
      <UniqueIdentifier>{9cf63d63-541a-c9cd-7b6d-b80c290fff87}</UniqueIdentifier>
    </Filter>
    <Filter Include="addons\ofxOpenCv2.4.7\libs\opencv\include">
      <UniqueIdentifier>{c96b4177-3376-782d-31bc-ca1243ce2366}</UniqueIdentifier>
    </Filter>
    <Filter Include="addons\ofxOpenCv2.4.7\libs\opencv\include\opencv">
      <UniqueIdentifier>{538350be-f46d-0207-e4ae-f20e725cfcc7}</UniqueIdentifier>
    </Filter>
    <Filter Include="addons\ofxOpenCv2.4.7\libs\opencv\include\opencv2">
      <UniqueIdentifier>{e9b4e293-8922-02d1-2e3c-20b51ab2c034}</UniqueIdentifier>
    </Filter>
    <Filter Include="addons\ofxOpenCv2.4.7\libs\opencv\include\opencv2\calib3d">
      <UniqueIdentifier>{f878af03-eb9b-eb8f-fd27-8f3a1b240a2d}</UniqueIdentifier>
    </Filter>
    <Filter Include="addons\ofxOpenCv2.4.7\libs\opencv\include\opencv2\contrib">
      <UniqueIdentifier>{9fee8f33-c9d6-5bb0-8f47-454e047581ae}</UniqueIdentifier>
    </Filter>
    <Filter Include="addons\ofxOpenCv2.4.7\libs\opencv\include\opencv2\core">
      <UniqueIdentifier>{64c0e140-b9f4-15bf-b663-d01285ea8bad}</UniqueIdentifier>
    </Filter>
    <Filter Include="addons\ofxOpenCv2.4.7\libs\opencv\include\opencv2\features2d">
      <UniqueIdentifier>{e6447f92-850d-6696-3566-9ac3130a2d37}</UniqueIdentifier>
    </Filter>
    <Filter Include="addons\ofxOpenCv2.4.7\libs\opencv\include\opencv2\flann">
      <UniqueIdentifier>{422184b1-81e0-5f02-fea2-360b5f1d7753}</UniqueIdentifier>
    </Filter>
    <Filter Include="addons\ofxOpenCv2.4.7\libs\opencv\include\opencv2\gpu">
      <UniqueIdentifier>{067a99af-9389-b503-f3b6-ba0c6da53e00}</UniqueIdentifier>
    </Filter>
    <Filter Include="addons\ofxOpenCv2.4.7\libs\opencv\include\opencv2\gpu\device">
      <UniqueIdentifier>{00f9e457-2bd9-f599-7e43-5258cda64811}</UniqueIdentifier>
    </Filter>
    <Filter Include="addons\ofxOpenCv2.4.7\libs\opencv\include\opencv2\gpu\device\detail">
      <UniqueIdentifier>{0f922f63-3a2c-8708-acab-440588569308}</UniqueIdentifier>
    </Filter>
    <Filter Include="addons\ofxOpenCv2.4.7\libs\opencv\include\opencv2\highgui">
      <UniqueIdentifier>{888db78d-f66f-15c9-3390-1e16ae2dcb5d}</UniqueIdentifier>
    </Filter>
    <Filter Include="addons\ofxOpenCv2.4.7\libs\opencv\include\opencv2\imgproc">
      <UniqueIdentifier>{563fdba3-579b-043b-000c-ad74aca364da}</UniqueIdentifier>
    </Filter>
    <Filter Include="addons\ofxOpenCv2.4.7\libs\opencv\include\opencv2\legacy">
      <UniqueIdentifier>{940629b8-a7f0-9f17-6b6c-57771c52ab69}</UniqueIdentifier>
    </Filter>
    <Filter Include="addons\ofxOpenCv2.4.7\libs\opencv\include\opencv2\ml">
      <UniqueIdentifier>{6491c6bf-c7bc-f45b-c219-e82cd5dabcba}</UniqueIdentifier>
    </Filter>
    <Filter Include="addons\ofxOpenCv2.4.7\libs\opencv\include\opencv2\nonfree">
      <UniqueIdentifier>{eebe58cf-be56-8940-9eaf-f623de1da237}</UniqueIdentifier>
    </Filter>
    <Filter Include="addons\ofxOpenCv2.4.7\libs\opencv\include\opencv2\objdetect">
      <UniqueIdentifier>{0e214170-f943-5a1a-b467-c83091bc5e7a}</UniqueIdentifier>
    </Filter>
    <Filter Include="addons\ofxOpenCv2.4.7\libs\opencv\include\opencv2\ocl">
      <UniqueIdentifier>{2de9191b-09ec-3aaf-0640-6670be1b4e53}</UniqueIdentifier>
    </Filter>
    <Filter Include="addons\ofxOpenCv2.4.7\libs\opencv\include\opencv2\photo">
      <UniqueIdentifier>{21630aeb-33d2-edb7-af7b-5918075b6f72}</UniqueIdentifier>
    </Filter>
    <Filter Include="addons\ofxOpenCv2.4.7\libs\opencv\include\opencv2\stitching">
      <UniqueIdentifier>{7e76c021-c1a1-e71d-ce08-3a2044f5d2e7}</UniqueIdentifier>
    </Filter>
    <Filter Include="addons\ofxOpenCv2.4.7\libs\opencv\include\opencv2\stitching\detail">
      <UniqueIdentifier>{869d55a9-9692-ba9c-dd65-22dc2a8cf6a4}</UniqueIdentifier>
    </Filter>
    <Filter Include="addons\ofxOpenCv2.4.7\libs\opencv\include\opencv2\superres">
      <UniqueIdentifier>{615a3263-bf31-8a9a-a008-700a6ffe4ff9}</UniqueIdentifier>
    </Filter>
    <Filter Include="addons\ofxOpenCv2.4.7\libs\opencv\include\opencv2\ts">
      <UniqueIdentifier>{e72c1db7-5f26-4bbb-ff2a-3f0b3c1e479d}</UniqueIdentifier>
    </Filter>
    <Filter Include="addons\ofxOpenCv2.4.7\libs\opencv\include\opencv2\video">
      <UniqueIdentifier>{23d134bd-8903-9d2c-c6d9-7d4507228ed6}</UniqueIdentifier>
    </Filter>
    <Filter Include="addons\ofxOpenCv2.4.7\libs\opencv\include\opencv2\videostab">
      <UniqueIdentifier>{08219bea-5c97-eb51-f11b-5bc235ccb216}</UniqueIdentifier>
    </Filter>
    <Filter Include="addons\ofxUI">
      <UniqueIdentifier>{b492c5b0-ff91-9c5a-638a-31420f9e8d66}</UniqueIdentifier>
    </Filter>
    <Filter Include="addons\ofxUI\src">
      <UniqueIdentifier>{a00c2d23-6c11-bc86-3993-2cf0e345f895}</UniqueIdentifier>
    </Filter>
    <Filter Include="addons\ofxXmlSettings">
      <UniqueIdentifier>{877f005d-13e6-0592-1d97-f2e39d804d43}</UniqueIdentifier>
    </Filter>
    <Filter Include="addons\ofxXmlSettings\src">
      <UniqueIdentifier>{ccb2ac63-49d2-977c-cfe8-aeadb8be6a99}</UniqueIdentifier>
    </Filter>
    <Filter Include="addons\ofxXmlSettings\libs">
      <UniqueIdentifier>{687714a8-1662-fa1c-261f-50f068335398}</UniqueIdentifier>
    </Filter>
    <Filter Include="src\Matching">
      <UniqueIdentifier>{acd83484-d530-4cb2-a11c-cae3e523c094}</UniqueIdentifier>
    </Filter>
    <Filter Include="src\AGAST">
      <UniqueIdentifier>{37c23e02-122c-40f9-b295-87f7c20dfa2f}</UniqueIdentifier>
    </Filter>
    <Filter Include="src\BRISK">
      <UniqueIdentifier>{1176cc63-acb7-4fa9-892b-58cd862e196c}</UniqueIdentifier>
    </Filter>
    <Filter Include="src\FREAK">
      <UniqueIdentifier>{aca64cd2-5920-4e70-a2ff-fc2092109b64}</UniqueIdentifier>
    </Filter>
  </ItemGroup>
  <ItemGroup>
    <ClInclude Include="src\testApp.h">
      <Filter>src</Filter>
    </ClInclude>
    <ClInclude Include="src\testApp.h">
      <Filter>src</Filter>
    </ClInclude>
    <ClInclude Include="..\..\..\addons\ofxCv\src\ofxCv.h">
      <Filter>addons\ofxCv\src</Filter>
    </ClInclude>
    <ClInclude Include="..\..\..\addons\ofxCv\libs\CLD\include\CLD\ETF.h">
      <Filter>addons\ofxCv\libs\CLD\include\CLD</Filter>
    </ClInclude>
    <ClInclude Include="..\..\..\addons\ofxCv\libs\CLD\include\CLD\fdog.h">
      <Filter>addons\ofxCv\libs\CLD\include\CLD</Filter>
    </ClInclude>
    <ClInclude Include="..\..\..\addons\ofxCv\libs\CLD\include\CLD\imatrix.h">
      <Filter>addons\ofxCv\libs\CLD\include\CLD</Filter>
    </ClInclude>
    <ClInclude Include="..\..\..\addons\ofxCv\libs\CLD\include\CLD\myvec.h">
      <Filter>addons\ofxCv\libs\CLD\include\CLD</Filter>
    </ClInclude>
    <ClInclude Include="..\..\..\addons\ofxCv\libs\ofxCv\include\ofxCv\Calibration.h">
      <Filter>addons\ofxCv\libs\ofxCv\include\ofxCv</Filter>
    </ClInclude>
    <ClInclude Include="..\..\..\addons\ofxCv\libs\ofxCv\include\ofxCv\ContourFinder.h">
      <Filter>addons\ofxCv\libs\ofxCv\include\ofxCv</Filter>
    </ClInclude>
    <ClInclude Include="..\..\..\addons\ofxCv\libs\ofxCv\include\ofxCv\Distance.h">
      <Filter>addons\ofxCv\libs\ofxCv\include\ofxCv</Filter>
    </ClInclude>
    <ClInclude Include="..\..\..\addons\ofxCv\libs\ofxCv\include\ofxCv\Flow.h">
      <Filter>addons\ofxCv\libs\ofxCv\include\ofxCv</Filter>
    </ClInclude>
    <ClInclude Include="..\..\..\addons\ofxCv\libs\ofxCv\include\ofxCv\Helpers.h">
      <Filter>addons\ofxCv\libs\ofxCv\include\ofxCv</Filter>
    </ClInclude>
    <ClInclude Include="..\..\..\addons\ofxCv\libs\ofxCv\include\ofxCv\ObjectFinder.h">
      <Filter>addons\ofxCv\libs\ofxCv\include\ofxCv</Filter>
    </ClInclude>
    <ClInclude Include="..\..\..\addons\ofxCv\libs\ofxCv\include\ofxCv\RunningBackground.h">
      <Filter>addons\ofxCv\libs\ofxCv\include\ofxCv</Filter>
    </ClInclude>
    <ClInclude Include="..\..\..\addons\ofxCv\libs\ofxCv\include\ofxCv\Tracker.h">
      <Filter>addons\ofxCv\libs\ofxCv\include\ofxCv</Filter>
    </ClInclude>
    <ClInclude Include="..\..\..\addons\ofxCv\libs\ofxCv\include\ofxCv\Utilities.h">
      <Filter>addons\ofxCv\libs\ofxCv\include\ofxCv</Filter>
    </ClInclude>
    <ClInclude Include="..\..\..\addons\ofxCv\libs\ofxCv\include\ofxCv\Wrappers.h">
      <Filter>addons\ofxCv\libs\ofxCv\include\ofxCv</Filter>
    </ClInclude>
    <ClInclude Include="..\..\..\addons\ofxOpenCv2.4.7\src\ofxCvBlob.h">
      <Filter>addons\ofxOpenCv2.4.7\src</Filter>
    </ClInclude>
    <ClInclude Include="..\..\..\addons\ofxOpenCv2.4.7\src\ofxCvColorImage.h">
      <Filter>addons\ofxOpenCv2.4.7\src</Filter>
    </ClInclude>
    <ClInclude Include="..\..\..\addons\ofxOpenCv2.4.7\src\ofxCvConstants.h">
      <Filter>addons\ofxOpenCv2.4.7\src</Filter>
    </ClInclude>
    <ClInclude Include="..\..\..\addons\ofxOpenCv2.4.7\src\ofxCvContourFinder.h">
      <Filter>addons\ofxOpenCv2.4.7\src</Filter>
    </ClInclude>
    <ClInclude Include="..\..\..\addons\ofxOpenCv2.4.7\src\ofxCvFloatImage.h">
      <Filter>addons\ofxOpenCv2.4.7\src</Filter>
    </ClInclude>
    <ClInclude Include="..\..\..\addons\ofxOpenCv2.4.7\src\ofxCvGrayscaleImage.h">
      <Filter>addons\ofxOpenCv2.4.7\src</Filter>
    </ClInclude>
    <ClInclude Include="..\..\..\addons\ofxOpenCv2.4.7\src\ofxCvHaarFinder.h">
      <Filter>addons\ofxOpenCv2.4.7\src</Filter>
    </ClInclude>
    <ClInclude Include="..\..\..\addons\ofxOpenCv2.4.7\src\ofxCvImage.h">
      <Filter>addons\ofxOpenCv2.4.7\src</Filter>
    </ClInclude>
    <ClInclude Include="..\..\..\addons\ofxOpenCv2.4.7\src\ofxCvMain.h">
      <Filter>addons\ofxOpenCv2.4.7\src</Filter>
    </ClInclude>
    <ClInclude Include="..\..\..\addons\ofxOpenCv2.4.7\src\ofxCvShortImage.h">
      <Filter>addons\ofxOpenCv2.4.7\src</Filter>
    </ClInclude>
    <ClInclude Include="..\..\..\addons\ofxOpenCv2.4.7\src\ofxOpenCv.h">
      <Filter>addons\ofxOpenCv2.4.7\src</Filter>
    </ClInclude>
    <ClInclude Include="..\..\..\addons\ofxOpenCv2.4.7\libs\opencv\include\opencv\cv.h">
      <Filter>addons\ofxOpenCv2.4.7\libs\opencv\include\opencv</Filter>
    </ClInclude>
    <ClInclude Include="..\..\..\addons\ofxOpenCv2.4.7\libs\opencv\include\opencv\cv.hpp">
      <Filter>addons\ofxOpenCv2.4.7\libs\opencv\include\opencv</Filter>
    </ClInclude>
    <ClInclude Include="..\..\..\addons\ofxOpenCv2.4.7\libs\opencv\include\opencv\cvaux.h">
      <Filter>addons\ofxOpenCv2.4.7\libs\opencv\include\opencv</Filter>
    </ClInclude>
    <ClInclude Include="..\..\..\addons\ofxOpenCv2.4.7\libs\opencv\include\opencv\cvaux.hpp">
      <Filter>addons\ofxOpenCv2.4.7\libs\opencv\include\opencv</Filter>
    </ClInclude>
    <ClInclude Include="..\..\..\addons\ofxOpenCv2.4.7\libs\opencv\include\opencv\cvwimage.h">
      <Filter>addons\ofxOpenCv2.4.7\libs\opencv\include\opencv</Filter>
    </ClInclude>
    <ClInclude Include="..\..\..\addons\ofxOpenCv2.4.7\libs\opencv\include\opencv\cxcore.h">
      <Filter>addons\ofxOpenCv2.4.7\libs\opencv\include\opencv</Filter>
    </ClInclude>
    <ClInclude Include="..\..\..\addons\ofxOpenCv2.4.7\libs\opencv\include\opencv\cxcore.hpp">
      <Filter>addons\ofxOpenCv2.4.7\libs\opencv\include\opencv</Filter>
    </ClInclude>
    <ClInclude Include="..\..\..\addons\ofxOpenCv2.4.7\libs\opencv\include\opencv\cxeigen.hpp">
      <Filter>addons\ofxOpenCv2.4.7\libs\opencv\include\opencv</Filter>
    </ClInclude>
    <ClInclude Include="..\..\..\addons\ofxOpenCv2.4.7\libs\opencv\include\opencv\cxmisc.h">
      <Filter>addons\ofxOpenCv2.4.7\libs\opencv\include\opencv</Filter>
    </ClInclude>
    <ClInclude Include="..\..\..\addons\ofxOpenCv2.4.7\libs\opencv\include\opencv\highgui.h">
      <Filter>addons\ofxOpenCv2.4.7\libs\opencv\include\opencv</Filter>
    </ClInclude>
    <ClInclude Include="..\..\..\addons\ofxOpenCv2.4.7\libs\opencv\include\opencv\ml.h">
      <Filter>addons\ofxOpenCv2.4.7\libs\opencv\include\opencv</Filter>
    </ClInclude>
    <ClInclude Include="..\..\..\addons\ofxOpenCv2.4.7\libs\opencv\include\opencv2\calib3d\calib3d.hpp">
      <Filter>addons\ofxOpenCv2.4.7\libs\opencv\include\opencv2\calib3d</Filter>
    </ClInclude>
    <ClInclude Include="..\..\..\addons\ofxOpenCv2.4.7\libs\opencv\include\opencv2\contrib\contrib.hpp">
      <Filter>addons\ofxOpenCv2.4.7\libs\opencv\include\opencv2\contrib</Filter>
    </ClInclude>
    <ClInclude Include="..\..\..\addons\ofxOpenCv2.4.7\libs\opencv\include\opencv2\contrib\detection_based_tracker.hpp">
      <Filter>addons\ofxOpenCv2.4.7\libs\opencv\include\opencv2\contrib</Filter>
    </ClInclude>
    <ClInclude Include="..\..\..\addons\ofxOpenCv2.4.7\libs\opencv\include\opencv2\contrib\hybridtracker.hpp">
      <Filter>addons\ofxOpenCv2.4.7\libs\opencv\include\opencv2\contrib</Filter>
    </ClInclude>
    <ClInclude Include="..\..\..\addons\ofxOpenCv2.4.7\libs\opencv\include\opencv2\contrib\openfabmap.hpp">
      <Filter>addons\ofxOpenCv2.4.7\libs\opencv\include\opencv2\contrib</Filter>
    </ClInclude>
    <ClInclude Include="..\..\..\addons\ofxOpenCv2.4.7\libs\opencv\include\opencv2\contrib\retina.hpp">
      <Filter>addons\ofxOpenCv2.4.7\libs\opencv\include\opencv2\contrib</Filter>
    </ClInclude>
    <ClInclude Include="..\..\..\addons\ofxOpenCv2.4.7\libs\opencv\include\opencv2\core\core.hpp">
      <Filter>addons\ofxOpenCv2.4.7\libs\opencv\include\opencv2\core</Filter>
    </ClInclude>
    <ClInclude Include="..\..\..\addons\ofxOpenCv2.4.7\libs\opencv\include\opencv2\core\core_c.h">
      <Filter>addons\ofxOpenCv2.4.7\libs\opencv\include\opencv2\core</Filter>
    </ClInclude>
    <ClInclude Include="..\..\..\addons\ofxOpenCv2.4.7\libs\opencv\include\opencv2\core\cuda_devptrs.hpp">
      <Filter>addons\ofxOpenCv2.4.7\libs\opencv\include\opencv2\core</Filter>
    </ClInclude>
    <ClInclude Include="..\..\..\addons\ofxOpenCv2.4.7\libs\opencv\include\opencv2\core\devmem2d.hpp">
      <Filter>addons\ofxOpenCv2.4.7\libs\opencv\include\opencv2\core</Filter>
    </ClInclude>
    <ClInclude Include="..\..\..\addons\ofxOpenCv2.4.7\libs\opencv\include\opencv2\core\eigen.hpp">
      <Filter>addons\ofxOpenCv2.4.7\libs\opencv\include\opencv2\core</Filter>
    </ClInclude>
    <ClInclude Include="..\..\..\addons\ofxOpenCv2.4.7\libs\opencv\include\opencv2\core\gpumat.hpp">
      <Filter>addons\ofxOpenCv2.4.7\libs\opencv\include\opencv2\core</Filter>
    </ClInclude>
    <ClInclude Include="..\..\..\addons\ofxOpenCv2.4.7\libs\opencv\include\opencv2\core\internal.hpp">
      <Filter>addons\ofxOpenCv2.4.7\libs\opencv\include\opencv2\core</Filter>
    </ClInclude>
    <ClInclude Include="..\..\..\addons\ofxOpenCv2.4.7\libs\opencv\include\opencv2\core\mat.hpp">
      <Filter>addons\ofxOpenCv2.4.7\libs\opencv\include\opencv2\core</Filter>
    </ClInclude>
    <ClInclude Include="..\..\..\addons\ofxOpenCv2.4.7\libs\opencv\include\opencv2\core\opengl_interop.hpp">
      <Filter>addons\ofxOpenCv2.4.7\libs\opencv\include\opencv2\core</Filter>
    </ClInclude>
    <ClInclude Include="..\..\..\addons\ofxOpenCv2.4.7\libs\opencv\include\opencv2\core\opengl_interop_deprecated.hpp">
      <Filter>addons\ofxOpenCv2.4.7\libs\opencv\include\opencv2\core</Filter>
    </ClInclude>
    <ClInclude Include="..\..\..\addons\ofxOpenCv2.4.7\libs\opencv\include\opencv2\core\operations.hpp">
      <Filter>addons\ofxOpenCv2.4.7\libs\opencv\include\opencv2\core</Filter>
    </ClInclude>
    <ClInclude Include="..\..\..\addons\ofxOpenCv2.4.7\libs\opencv\include\opencv2\core\types_c.h">
      <Filter>addons\ofxOpenCv2.4.7\libs\opencv\include\opencv2\core</Filter>
    </ClInclude>
    <ClInclude Include="..\..\..\addons\ofxOpenCv2.4.7\libs\opencv\include\opencv2\core\version.hpp">
      <Filter>addons\ofxOpenCv2.4.7\libs\opencv\include\opencv2\core</Filter>
    </ClInclude>
    <ClInclude Include="..\..\..\addons\ofxOpenCv2.4.7\libs\opencv\include\opencv2\core\wimage.hpp">
      <Filter>addons\ofxOpenCv2.4.7\libs\opencv\include\opencv2\core</Filter>
    </ClInclude>
    <ClInclude Include="..\..\..\addons\ofxOpenCv2.4.7\libs\opencv\include\opencv2\features2d\features2d.hpp">
      <Filter>addons\ofxOpenCv2.4.7\libs\opencv\include\opencv2\features2d</Filter>
    </ClInclude>
    <ClInclude Include="..\..\..\addons\ofxOpenCv2.4.7\libs\opencv\include\opencv2\flann\allocator.h">
      <Filter>addons\ofxOpenCv2.4.7\libs\opencv\include\opencv2\flann</Filter>
    </ClInclude>
    <ClInclude Include="..\..\..\addons\ofxOpenCv2.4.7\libs\opencv\include\opencv2\flann\all_indices.h">
      <Filter>addons\ofxOpenCv2.4.7\libs\opencv\include\opencv2\flann</Filter>
    </ClInclude>
    <ClInclude Include="..\..\..\addons\ofxOpenCv2.4.7\libs\opencv\include\opencv2\flann\any.h">
      <Filter>addons\ofxOpenCv2.4.7\libs\opencv\include\opencv2\flann</Filter>
    </ClInclude>
    <ClInclude Include="..\..\..\addons\ofxOpenCv2.4.7\libs\opencv\include\opencv2\flann\autotuned_index.h">
      <Filter>addons\ofxOpenCv2.4.7\libs\opencv\include\opencv2\flann</Filter>
    </ClInclude>
    <ClInclude Include="..\..\..\addons\ofxOpenCv2.4.7\libs\opencv\include\opencv2\flann\composite_index.h">
      <Filter>addons\ofxOpenCv2.4.7\libs\opencv\include\opencv2\flann</Filter>
    </ClInclude>
    <ClInclude Include="..\..\..\addons\ofxOpenCv2.4.7\libs\opencv\include\opencv2\flann\config.h">
      <Filter>addons\ofxOpenCv2.4.7\libs\opencv\include\opencv2\flann</Filter>
    </ClInclude>
    <ClInclude Include="..\..\..\addons\ofxOpenCv2.4.7\libs\opencv\include\opencv2\flann\defines.h">
      <Filter>addons\ofxOpenCv2.4.7\libs\opencv\include\opencv2\flann</Filter>
    </ClInclude>
    <ClInclude Include="..\..\..\addons\ofxOpenCv2.4.7\libs\opencv\include\opencv2\flann\dist.h">
      <Filter>addons\ofxOpenCv2.4.7\libs\opencv\include\opencv2\flann</Filter>
    </ClInclude>
    <ClInclude Include="..\..\..\addons\ofxOpenCv2.4.7\libs\opencv\include\opencv2\flann\dummy.h">
      <Filter>addons\ofxOpenCv2.4.7\libs\opencv\include\opencv2\flann</Filter>
    </ClInclude>
    <ClInclude Include="..\..\..\addons\ofxOpenCv2.4.7\libs\opencv\include\opencv2\flann\dynamic_bitset.h">
      <Filter>addons\ofxOpenCv2.4.7\libs\opencv\include\opencv2\flann</Filter>
    </ClInclude>
    <ClInclude Include="..\..\..\addons\ofxOpenCv2.4.7\libs\opencv\include\opencv2\flann\flann.hpp">
      <Filter>addons\ofxOpenCv2.4.7\libs\opencv\include\opencv2\flann</Filter>
    </ClInclude>
    <ClInclude Include="..\..\..\addons\ofxOpenCv2.4.7\libs\opencv\include\opencv2\flann\flann_base.hpp">
      <Filter>addons\ofxOpenCv2.4.7\libs\opencv\include\opencv2\flann</Filter>
    </ClInclude>
    <ClInclude Include="..\..\..\addons\ofxOpenCv2.4.7\libs\opencv\include\opencv2\flann\general.h">
      <Filter>addons\ofxOpenCv2.4.7\libs\opencv\include\opencv2\flann</Filter>
    </ClInclude>
    <ClInclude Include="..\..\..\addons\ofxOpenCv2.4.7\libs\opencv\include\opencv2\flann\ground_truth.h">
      <Filter>addons\ofxOpenCv2.4.7\libs\opencv\include\opencv2\flann</Filter>
    </ClInclude>
    <ClInclude Include="..\..\..\addons\ofxOpenCv2.4.7\libs\opencv\include\opencv2\flann\hdf5.h">
      <Filter>addons\ofxOpenCv2.4.7\libs\opencv\include\opencv2\flann</Filter>
    </ClInclude>
    <ClInclude Include="..\..\..\addons\ofxOpenCv2.4.7\libs\opencv\include\opencv2\flann\heap.h">
      <Filter>addons\ofxOpenCv2.4.7\libs\opencv\include\opencv2\flann</Filter>
    </ClInclude>
    <ClInclude Include="..\..\..\addons\ofxOpenCv2.4.7\libs\opencv\include\opencv2\flann\hierarchical_clustering_index.h">
      <Filter>addons\ofxOpenCv2.4.7\libs\opencv\include\opencv2\flann</Filter>
    </ClInclude>
    <ClInclude Include="..\..\..\addons\ofxOpenCv2.4.7\libs\opencv\include\opencv2\flann\index_testing.h">
      <Filter>addons\ofxOpenCv2.4.7\libs\opencv\include\opencv2\flann</Filter>
    </ClInclude>
    <ClInclude Include="..\..\..\addons\ofxOpenCv2.4.7\libs\opencv\include\opencv2\flann\kdtree_index.h">
      <Filter>addons\ofxOpenCv2.4.7\libs\opencv\include\opencv2\flann</Filter>
    </ClInclude>
    <ClInclude Include="..\..\..\addons\ofxOpenCv2.4.7\libs\opencv\include\opencv2\flann\kdtree_single_index.h">
      <Filter>addons\ofxOpenCv2.4.7\libs\opencv\include\opencv2\flann</Filter>
    </ClInclude>
    <ClInclude Include="..\..\..\addons\ofxOpenCv2.4.7\libs\opencv\include\opencv2\flann\kmeans_index.h">
      <Filter>addons\ofxOpenCv2.4.7\libs\opencv\include\opencv2\flann</Filter>
    </ClInclude>
    <ClInclude Include="..\..\..\addons\ofxOpenCv2.4.7\libs\opencv\include\opencv2\flann\linear_index.h">
      <Filter>addons\ofxOpenCv2.4.7\libs\opencv\include\opencv2\flann</Filter>
    </ClInclude>
    <ClInclude Include="..\..\..\addons\ofxOpenCv2.4.7\libs\opencv\include\opencv2\flann\logger.h">
      <Filter>addons\ofxOpenCv2.4.7\libs\opencv\include\opencv2\flann</Filter>
    </ClInclude>
    <ClInclude Include="..\..\..\addons\ofxOpenCv2.4.7\libs\opencv\include\opencv2\flann\lsh_index.h">
      <Filter>addons\ofxOpenCv2.4.7\libs\opencv\include\opencv2\flann</Filter>
    </ClInclude>
    <ClInclude Include="..\..\..\addons\ofxOpenCv2.4.7\libs\opencv\include\opencv2\flann\lsh_table.h">
      <Filter>addons\ofxOpenCv2.4.7\libs\opencv\include\opencv2\flann</Filter>
    </ClInclude>
    <ClInclude Include="..\..\..\addons\ofxOpenCv2.4.7\libs\opencv\include\opencv2\flann\matrix.h">
      <Filter>addons\ofxOpenCv2.4.7\libs\opencv\include\opencv2\flann</Filter>
    </ClInclude>
    <ClInclude Include="..\..\..\addons\ofxOpenCv2.4.7\libs\opencv\include\opencv2\flann\miniflann.hpp">
      <Filter>addons\ofxOpenCv2.4.7\libs\opencv\include\opencv2\flann</Filter>
    </ClInclude>
    <ClInclude Include="..\..\..\addons\ofxOpenCv2.4.7\libs\opencv\include\opencv2\flann\nn_index.h">
      <Filter>addons\ofxOpenCv2.4.7\libs\opencv\include\opencv2\flann</Filter>
    </ClInclude>
    <ClInclude Include="..\..\..\addons\ofxOpenCv2.4.7\libs\opencv\include\opencv2\flann\object_factory.h">
      <Filter>addons\ofxOpenCv2.4.7\libs\opencv\include\opencv2\flann</Filter>
    </ClInclude>
    <ClInclude Include="..\..\..\addons\ofxOpenCv2.4.7\libs\opencv\include\opencv2\flann\params.h">
      <Filter>addons\ofxOpenCv2.4.7\libs\opencv\include\opencv2\flann</Filter>
    </ClInclude>
    <ClInclude Include="..\..\..\addons\ofxOpenCv2.4.7\libs\opencv\include\opencv2\flann\random.h">
      <Filter>addons\ofxOpenCv2.4.7\libs\opencv\include\opencv2\flann</Filter>
    </ClInclude>
    <ClInclude Include="..\..\..\addons\ofxOpenCv2.4.7\libs\opencv\include\opencv2\flann\result_set.h">
      <Filter>addons\ofxOpenCv2.4.7\libs\opencv\include\opencv2\flann</Filter>
    </ClInclude>
    <ClInclude Include="..\..\..\addons\ofxOpenCv2.4.7\libs\opencv\include\opencv2\flann\sampling.h">
      <Filter>addons\ofxOpenCv2.4.7\libs\opencv\include\opencv2\flann</Filter>
    </ClInclude>
    <ClInclude Include="..\..\..\addons\ofxOpenCv2.4.7\libs\opencv\include\opencv2\flann\saving.h">
      <Filter>addons\ofxOpenCv2.4.7\libs\opencv\include\opencv2\flann</Filter>
    </ClInclude>
    <ClInclude Include="..\..\..\addons\ofxOpenCv2.4.7\libs\opencv\include\opencv2\flann\simplex_downhill.h">
      <Filter>addons\ofxOpenCv2.4.7\libs\opencv\include\opencv2\flann</Filter>
    </ClInclude>
    <ClInclude Include="..\..\..\addons\ofxOpenCv2.4.7\libs\opencv\include\opencv2\flann\timer.h">
      <Filter>addons\ofxOpenCv2.4.7\libs\opencv\include\opencv2\flann</Filter>
    </ClInclude>
    <ClInclude Include="..\..\..\addons\ofxOpenCv2.4.7\libs\opencv\include\opencv2\gpu\device\block.hpp">
      <Filter>addons\ofxOpenCv2.4.7\libs\opencv\include\opencv2\gpu\device</Filter>
    </ClInclude>
    <ClInclude Include="..\..\..\addons\ofxOpenCv2.4.7\libs\opencv\include\opencv2\gpu\device\border_interpolate.hpp">
      <Filter>addons\ofxOpenCv2.4.7\libs\opencv\include\opencv2\gpu\device</Filter>
    </ClInclude>
    <ClInclude Include="..\..\..\addons\ofxOpenCv2.4.7\libs\opencv\include\opencv2\gpu\device\color.hpp">
      <Filter>addons\ofxOpenCv2.4.7\libs\opencv\include\opencv2\gpu\device</Filter>
    </ClInclude>
    <ClInclude Include="..\..\..\addons\ofxOpenCv2.4.7\libs\opencv\include\opencv2\gpu\device\common.hpp">
      <Filter>addons\ofxOpenCv2.4.7\libs\opencv\include\opencv2\gpu\device</Filter>
    </ClInclude>
    <ClInclude Include="..\..\..\addons\ofxOpenCv2.4.7\libs\opencv\include\opencv2\gpu\device\datamov_utils.hpp">
      <Filter>addons\ofxOpenCv2.4.7\libs\opencv\include\opencv2\gpu\device</Filter>
    </ClInclude>
    <ClInclude Include="..\..\..\addons\ofxOpenCv2.4.7\libs\opencv\include\opencv2\gpu\device\detail\color_detail.hpp">
      <Filter>addons\ofxOpenCv2.4.7\libs\opencv\include\opencv2\gpu\device\detail</Filter>
    </ClInclude>
    <ClInclude Include="..\..\..\addons\ofxOpenCv2.4.7\libs\opencv\include\opencv2\gpu\device\detail\reduce.hpp">
      <Filter>addons\ofxOpenCv2.4.7\libs\opencv\include\opencv2\gpu\device\detail</Filter>
    </ClInclude>
    <ClInclude Include="..\..\..\addons\ofxOpenCv2.4.7\libs\opencv\include\opencv2\gpu\device\detail\reduce_key_val.hpp">
      <Filter>addons\ofxOpenCv2.4.7\libs\opencv\include\opencv2\gpu\device\detail</Filter>
    </ClInclude>
    <ClInclude Include="..\..\..\addons\ofxOpenCv2.4.7\libs\opencv\include\opencv2\gpu\device\detail\transform_detail.hpp">
      <Filter>addons\ofxOpenCv2.4.7\libs\opencv\include\opencv2\gpu\device\detail</Filter>
    </ClInclude>
    <ClInclude Include="..\..\..\addons\ofxOpenCv2.4.7\libs\opencv\include\opencv2\gpu\device\detail\type_traits_detail.hpp">
      <Filter>addons\ofxOpenCv2.4.7\libs\opencv\include\opencv2\gpu\device\detail</Filter>
    </ClInclude>
    <ClInclude Include="..\..\..\addons\ofxOpenCv2.4.7\libs\opencv\include\opencv2\gpu\device\detail\vec_distance_detail.hpp">
      <Filter>addons\ofxOpenCv2.4.7\libs\opencv\include\opencv2\gpu\device\detail</Filter>
    </ClInclude>
    <ClInclude Include="..\..\..\addons\ofxOpenCv2.4.7\libs\opencv\include\opencv2\gpu\device\dynamic_smem.hpp">
      <Filter>addons\ofxOpenCv2.4.7\libs\opencv\include\opencv2\gpu\device</Filter>
    </ClInclude>
    <ClInclude Include="..\..\..\addons\ofxOpenCv2.4.7\libs\opencv\include\opencv2\gpu\device\emulation.hpp">
      <Filter>addons\ofxOpenCv2.4.7\libs\opencv\include\opencv2\gpu\device</Filter>
    </ClInclude>
    <ClInclude Include="..\..\..\addons\ofxOpenCv2.4.7\libs\opencv\include\opencv2\gpu\device\filters.hpp">
      <Filter>addons\ofxOpenCv2.4.7\libs\opencv\include\opencv2\gpu\device</Filter>
    </ClInclude>
    <ClInclude Include="..\..\..\addons\ofxOpenCv2.4.7\libs\opencv\include\opencv2\gpu\device\funcattrib.hpp">
      <Filter>addons\ofxOpenCv2.4.7\libs\opencv\include\opencv2\gpu\device</Filter>
    </ClInclude>
    <ClInclude Include="..\..\..\addons\ofxOpenCv2.4.7\libs\opencv\include\opencv2\gpu\device\functional.hpp">
      <Filter>addons\ofxOpenCv2.4.7\libs\opencv\include\opencv2\gpu\device</Filter>
    </ClInclude>
    <ClInclude Include="..\..\..\addons\ofxOpenCv2.4.7\libs\opencv\include\opencv2\gpu\device\limits.hpp">
      <Filter>addons\ofxOpenCv2.4.7\libs\opencv\include\opencv2\gpu\device</Filter>
    </ClInclude>
    <ClInclude Include="..\..\..\addons\ofxOpenCv2.4.7\libs\opencv\include\opencv2\gpu\device\reduce.hpp">
      <Filter>addons\ofxOpenCv2.4.7\libs\opencv\include\opencv2\gpu\device</Filter>
    </ClInclude>
    <ClInclude Include="..\..\..\addons\ofxOpenCv2.4.7\libs\opencv\include\opencv2\gpu\device\saturate_cast.hpp">
      <Filter>addons\ofxOpenCv2.4.7\libs\opencv\include\opencv2\gpu\device</Filter>
    </ClInclude>
    <ClInclude Include="..\..\..\addons\ofxOpenCv2.4.7\libs\opencv\include\opencv2\gpu\device\scan.hpp">
      <Filter>addons\ofxOpenCv2.4.7\libs\opencv\include\opencv2\gpu\device</Filter>
    </ClInclude>
    <ClInclude Include="..\..\..\addons\ofxOpenCv2.4.7\libs\opencv\include\opencv2\gpu\device\simd_functions.hpp">
      <Filter>addons\ofxOpenCv2.4.7\libs\opencv\include\opencv2\gpu\device</Filter>
    </ClInclude>
    <ClInclude Include="..\..\..\addons\ofxOpenCv2.4.7\libs\opencv\include\opencv2\gpu\device\static_check.hpp">
      <Filter>addons\ofxOpenCv2.4.7\libs\opencv\include\opencv2\gpu\device</Filter>
    </ClInclude>
    <ClInclude Include="..\..\..\addons\ofxOpenCv2.4.7\libs\opencv\include\opencv2\gpu\device\transform.hpp">
      <Filter>addons\ofxOpenCv2.4.7\libs\opencv\include\opencv2\gpu\device</Filter>
    </ClInclude>
    <ClInclude Include="..\..\..\addons\ofxOpenCv2.4.7\libs\opencv\include\opencv2\gpu\device\type_traits.hpp">
      <Filter>addons\ofxOpenCv2.4.7\libs\opencv\include\opencv2\gpu\device</Filter>
    </ClInclude>
    <ClInclude Include="..\..\..\addons\ofxOpenCv2.4.7\libs\opencv\include\opencv2\gpu\device\utility.hpp">
      <Filter>addons\ofxOpenCv2.4.7\libs\opencv\include\opencv2\gpu\device</Filter>
    </ClInclude>
    <ClInclude Include="..\..\..\addons\ofxOpenCv2.4.7\libs\opencv\include\opencv2\gpu\device\vec_distance.hpp">
      <Filter>addons\ofxOpenCv2.4.7\libs\opencv\include\opencv2\gpu\device</Filter>
    </ClInclude>
    <ClInclude Include="..\..\..\addons\ofxOpenCv2.4.7\libs\opencv\include\opencv2\gpu\device\vec_math.hpp">
      <Filter>addons\ofxOpenCv2.4.7\libs\opencv\include\opencv2\gpu\device</Filter>
    </ClInclude>
    <ClInclude Include="..\..\..\addons\ofxOpenCv2.4.7\libs\opencv\include\opencv2\gpu\device\vec_traits.hpp">
      <Filter>addons\ofxOpenCv2.4.7\libs\opencv\include\opencv2\gpu\device</Filter>
    </ClInclude>
    <ClInclude Include="..\..\..\addons\ofxOpenCv2.4.7\libs\opencv\include\opencv2\gpu\device\warp.hpp">
      <Filter>addons\ofxOpenCv2.4.7\libs\opencv\include\opencv2\gpu\device</Filter>
    </ClInclude>
    <ClInclude Include="..\..\..\addons\ofxOpenCv2.4.7\libs\opencv\include\opencv2\gpu\device\warp_reduce.hpp">
      <Filter>addons\ofxOpenCv2.4.7\libs\opencv\include\opencv2\gpu\device</Filter>
    </ClInclude>
    <ClInclude Include="..\..\..\addons\ofxOpenCv2.4.7\libs\opencv\include\opencv2\gpu\device\warp_shuffle.hpp">
      <Filter>addons\ofxOpenCv2.4.7\libs\opencv\include\opencv2\gpu\device</Filter>
    </ClInclude>
    <ClInclude Include="..\..\..\addons\ofxOpenCv2.4.7\libs\opencv\include\opencv2\gpu\devmem2d.hpp">
      <Filter>addons\ofxOpenCv2.4.7\libs\opencv\include\opencv2\gpu</Filter>
    </ClInclude>
    <ClInclude Include="..\..\..\addons\ofxOpenCv2.4.7\libs\opencv\include\opencv2\gpu\gpu.hpp">
      <Filter>addons\ofxOpenCv2.4.7\libs\opencv\include\opencv2\gpu</Filter>
    </ClInclude>
    <ClInclude Include="..\..\..\addons\ofxOpenCv2.4.7\libs\opencv\include\opencv2\gpu\gpumat.hpp">
      <Filter>addons\ofxOpenCv2.4.7\libs\opencv\include\opencv2\gpu</Filter>
    </ClInclude>
    <ClInclude Include="..\..\..\addons\ofxOpenCv2.4.7\libs\opencv\include\opencv2\gpu\stream_accessor.hpp">
      <Filter>addons\ofxOpenCv2.4.7\libs\opencv\include\opencv2\gpu</Filter>
    </ClInclude>
    <ClInclude Include="..\..\..\addons\ofxOpenCv2.4.7\libs\opencv\include\opencv2\highgui\cap_ios.h">
      <Filter>addons\ofxOpenCv2.4.7\libs\opencv\include\opencv2\highgui</Filter>
    </ClInclude>
    <ClInclude Include="..\..\..\addons\ofxOpenCv2.4.7\libs\opencv\include\opencv2\highgui\highgui.hpp">
      <Filter>addons\ofxOpenCv2.4.7\libs\opencv\include\opencv2\highgui</Filter>
    </ClInclude>
    <ClInclude Include="..\..\..\addons\ofxOpenCv2.4.7\libs\opencv\include\opencv2\highgui\highgui_c.h">
      <Filter>addons\ofxOpenCv2.4.7\libs\opencv\include\opencv2\highgui</Filter>
    </ClInclude>
    <ClInclude Include="..\..\..\addons\ofxOpenCv2.4.7\libs\opencv\include\opencv2\highgui\ios.h">
      <Filter>addons\ofxOpenCv2.4.7\libs\opencv\include\opencv2\highgui</Filter>
    </ClInclude>
    <ClInclude Include="..\..\..\addons\ofxOpenCv2.4.7\libs\opencv\include\opencv2\imgproc\imgproc.hpp">
      <Filter>addons\ofxOpenCv2.4.7\libs\opencv\include\opencv2\imgproc</Filter>
    </ClInclude>
    <ClInclude Include="..\..\..\addons\ofxOpenCv2.4.7\libs\opencv\include\opencv2\imgproc\imgproc_c.h">
      <Filter>addons\ofxOpenCv2.4.7\libs\opencv\include\opencv2\imgproc</Filter>
    </ClInclude>
    <ClInclude Include="..\..\..\addons\ofxOpenCv2.4.7\libs\opencv\include\opencv2\imgproc\types_c.h">
      <Filter>addons\ofxOpenCv2.4.7\libs\opencv\include\opencv2\imgproc</Filter>
    </ClInclude>
    <ClInclude Include="..\..\..\addons\ofxOpenCv2.4.7\libs\opencv\include\opencv2\legacy\blobtrack.hpp">
      <Filter>addons\ofxOpenCv2.4.7\libs\opencv\include\opencv2\legacy</Filter>
    </ClInclude>
    <ClInclude Include="..\..\..\addons\ofxOpenCv2.4.7\libs\opencv\include\opencv2\legacy\compat.hpp">
      <Filter>addons\ofxOpenCv2.4.7\libs\opencv\include\opencv2\legacy</Filter>
    </ClInclude>
    <ClInclude Include="..\..\..\addons\ofxOpenCv2.4.7\libs\opencv\include\opencv2\legacy\legacy.hpp">
      <Filter>addons\ofxOpenCv2.4.7\libs\opencv\include\opencv2\legacy</Filter>
    </ClInclude>
    <ClInclude Include="..\..\..\addons\ofxOpenCv2.4.7\libs\opencv\include\opencv2\legacy\streams.hpp">
      <Filter>addons\ofxOpenCv2.4.7\libs\opencv\include\opencv2\legacy</Filter>
    </ClInclude>
    <ClInclude Include="..\..\..\addons\ofxOpenCv2.4.7\libs\opencv\include\opencv2\ml\ml.hpp">
      <Filter>addons\ofxOpenCv2.4.7\libs\opencv\include\opencv2\ml</Filter>
    </ClInclude>
    <ClInclude Include="..\..\..\addons\ofxOpenCv2.4.7\libs\opencv\include\opencv2\nonfree\features2d.hpp">
      <Filter>addons\ofxOpenCv2.4.7\libs\opencv\include\opencv2\nonfree</Filter>
    </ClInclude>
    <ClInclude Include="..\..\..\addons\ofxOpenCv2.4.7\libs\opencv\include\opencv2\nonfree\gpu.hpp">
      <Filter>addons\ofxOpenCv2.4.7\libs\opencv\include\opencv2\nonfree</Filter>
    </ClInclude>
    <ClInclude Include="..\..\..\addons\ofxOpenCv2.4.7\libs\opencv\include\opencv2\nonfree\nonfree.hpp">
      <Filter>addons\ofxOpenCv2.4.7\libs\opencv\include\opencv2\nonfree</Filter>
    </ClInclude>
    <ClInclude Include="..\..\..\addons\ofxOpenCv2.4.7\libs\opencv\include\opencv2\nonfree\ocl.hpp">
      <Filter>addons\ofxOpenCv2.4.7\libs\opencv\include\opencv2\nonfree</Filter>
    </ClInclude>
    <ClInclude Include="..\..\..\addons\ofxOpenCv2.4.7\libs\opencv\include\opencv2\objdetect\objdetect.hpp">
      <Filter>addons\ofxOpenCv2.4.7\libs\opencv\include\opencv2\objdetect</Filter>
    </ClInclude>
    <ClInclude Include="..\..\..\addons\ofxOpenCv2.4.7\libs\opencv\include\opencv2\ocl\matrix_operations.hpp">
      <Filter>addons\ofxOpenCv2.4.7\libs\opencv\include\opencv2\ocl</Filter>
    </ClInclude>
    <ClInclude Include="..\..\..\addons\ofxOpenCv2.4.7\libs\opencv\include\opencv2\ocl\ocl.hpp">
      <Filter>addons\ofxOpenCv2.4.7\libs\opencv\include\opencv2\ocl</Filter>
    </ClInclude>
    <ClInclude Include="..\..\..\addons\ofxOpenCv2.4.7\libs\opencv\include\opencv2\opencv.hpp">
      <Filter>addons\ofxOpenCv2.4.7\libs\opencv\include\opencv2</Filter>
    </ClInclude>
    <ClInclude Include="..\..\..\addons\ofxOpenCv2.4.7\libs\opencv\include\opencv2\opencv_modules.hpp">
      <Filter>addons\ofxOpenCv2.4.7\libs\opencv\include\opencv2</Filter>
    </ClInclude>
    <ClInclude Include="..\..\..\addons\ofxOpenCv2.4.7\libs\opencv\include\opencv2\photo\photo.hpp">
      <Filter>addons\ofxOpenCv2.4.7\libs\opencv\include\opencv2\photo</Filter>
    </ClInclude>
    <ClInclude Include="..\..\..\addons\ofxOpenCv2.4.7\libs\opencv\include\opencv2\photo\photo_c.h">
      <Filter>addons\ofxOpenCv2.4.7\libs\opencv\include\opencv2\photo</Filter>
    </ClInclude>
    <ClInclude Include="..\..\..\addons\ofxOpenCv2.4.7\libs\opencv\include\opencv2\stitching\detail\autocalib.hpp">
      <Filter>addons\ofxOpenCv2.4.7\libs\opencv\include\opencv2\stitching\detail</Filter>
    </ClInclude>
    <ClInclude Include="..\..\..\addons\ofxOpenCv2.4.7\libs\opencv\include\opencv2\stitching\detail\blenders.hpp">
      <Filter>addons\ofxOpenCv2.4.7\libs\opencv\include\opencv2\stitching\detail</Filter>
    </ClInclude>
    <ClInclude Include="..\..\..\addons\ofxOpenCv2.4.7\libs\opencv\include\opencv2\stitching\detail\camera.hpp">
      <Filter>addons\ofxOpenCv2.4.7\libs\opencv\include\opencv2\stitching\detail</Filter>
    </ClInclude>
    <ClInclude Include="..\..\..\addons\ofxOpenCv2.4.7\libs\opencv\include\opencv2\stitching\detail\exposure_compensate.hpp">
      <Filter>addons\ofxOpenCv2.4.7\libs\opencv\include\opencv2\stitching\detail</Filter>
    </ClInclude>
    <ClInclude Include="..\..\..\addons\ofxOpenCv2.4.7\libs\opencv\include\opencv2\stitching\detail\matchers.hpp">
      <Filter>addons\ofxOpenCv2.4.7\libs\opencv\include\opencv2\stitching\detail</Filter>
    </ClInclude>
    <ClInclude Include="..\..\..\addons\ofxOpenCv2.4.7\libs\opencv\include\opencv2\stitching\detail\motion_estimators.hpp">
      <Filter>addons\ofxOpenCv2.4.7\libs\opencv\include\opencv2\stitching\detail</Filter>
    </ClInclude>
    <ClInclude Include="..\..\..\addons\ofxOpenCv2.4.7\libs\opencv\include\opencv2\stitching\detail\seam_finders.hpp">
      <Filter>addons\ofxOpenCv2.4.7\libs\opencv\include\opencv2\stitching\detail</Filter>
    </ClInclude>
    <ClInclude Include="..\..\..\addons\ofxOpenCv2.4.7\libs\opencv\include\opencv2\stitching\detail\util.hpp">
      <Filter>addons\ofxOpenCv2.4.7\libs\opencv\include\opencv2\stitching\detail</Filter>
    </ClInclude>
    <ClInclude Include="..\..\..\addons\ofxOpenCv2.4.7\libs\opencv\include\opencv2\stitching\detail\util_inl.hpp">
      <Filter>addons\ofxOpenCv2.4.7\libs\opencv\include\opencv2\stitching\detail</Filter>
    </ClInclude>
    <ClInclude Include="..\..\..\addons\ofxOpenCv2.4.7\libs\opencv\include\opencv2\stitching\detail\warpers.hpp">
      <Filter>addons\ofxOpenCv2.4.7\libs\opencv\include\opencv2\stitching\detail</Filter>
    </ClInclude>
    <ClInclude Include="..\..\..\addons\ofxOpenCv2.4.7\libs\opencv\include\opencv2\stitching\detail\warpers_inl.hpp">
      <Filter>addons\ofxOpenCv2.4.7\libs\opencv\include\opencv2\stitching\detail</Filter>
    </ClInclude>
    <ClInclude Include="..\..\..\addons\ofxOpenCv2.4.7\libs\opencv\include\opencv2\stitching\stitcher.hpp">
      <Filter>addons\ofxOpenCv2.4.7\libs\opencv\include\opencv2\stitching</Filter>
    </ClInclude>
    <ClInclude Include="..\..\..\addons\ofxOpenCv2.4.7\libs\opencv\include\opencv2\stitching\warpers.hpp">
      <Filter>addons\ofxOpenCv2.4.7\libs\opencv\include\opencv2\stitching</Filter>
    </ClInclude>
    <ClInclude Include="..\..\..\addons\ofxOpenCv2.4.7\libs\opencv\include\opencv2\superres\optical_flow.hpp">
      <Filter>addons\ofxOpenCv2.4.7\libs\opencv\include\opencv2\superres</Filter>
    </ClInclude>
    <ClInclude Include="..\..\..\addons\ofxOpenCv2.4.7\libs\opencv\include\opencv2\superres\superres.hpp">
      <Filter>addons\ofxOpenCv2.4.7\libs\opencv\include\opencv2\superres</Filter>
    </ClInclude>
    <ClInclude Include="..\..\..\addons\ofxOpenCv2.4.7\libs\opencv\include\opencv2\ts\gpu_perf.hpp">
      <Filter>addons\ofxOpenCv2.4.7\libs\opencv\include\opencv2\ts</Filter>
    </ClInclude>
    <ClInclude Include="..\..\..\addons\ofxOpenCv2.4.7\libs\opencv\include\opencv2\ts\gpu_test.hpp">
      <Filter>addons\ofxOpenCv2.4.7\libs\opencv\include\opencv2\ts</Filter>
    </ClInclude>
    <ClInclude Include="..\..\..\addons\ofxOpenCv2.4.7\libs\opencv\include\opencv2\ts\ts.hpp">
      <Filter>addons\ofxOpenCv2.4.7\libs\opencv\include\opencv2\ts</Filter>
    </ClInclude>
    <ClInclude Include="..\..\..\addons\ofxOpenCv2.4.7\libs\opencv\include\opencv2\ts\ts_gtest.h">
      <Filter>addons\ofxOpenCv2.4.7\libs\opencv\include\opencv2\ts</Filter>
    </ClInclude>
    <ClInclude Include="..\..\..\addons\ofxOpenCv2.4.7\libs\opencv\include\opencv2\ts\ts_perf.hpp">
      <Filter>addons\ofxOpenCv2.4.7\libs\opencv\include\opencv2\ts</Filter>
    </ClInclude>
    <ClInclude Include="..\..\..\addons\ofxOpenCv2.4.7\libs\opencv\include\opencv2\video\background_segm.hpp">
      <Filter>addons\ofxOpenCv2.4.7\libs\opencv\include\opencv2\video</Filter>
    </ClInclude>
    <ClInclude Include="..\..\..\addons\ofxOpenCv2.4.7\libs\opencv\include\opencv2\video\tracking.hpp">
      <Filter>addons\ofxOpenCv2.4.7\libs\opencv\include\opencv2\video</Filter>
    </ClInclude>
    <ClInclude Include="..\..\..\addons\ofxOpenCv2.4.7\libs\opencv\include\opencv2\video\video.hpp">
      <Filter>addons\ofxOpenCv2.4.7\libs\opencv\include\opencv2\video</Filter>
    </ClInclude>
    <ClInclude Include="..\..\..\addons\ofxOpenCv2.4.7\libs\opencv\include\opencv2\videostab\deblurring.hpp">
      <Filter>addons\ofxOpenCv2.4.7\libs\opencv\include\opencv2\videostab</Filter>
    </ClInclude>
    <ClInclude Include="..\..\..\addons\ofxOpenCv2.4.7\libs\opencv\include\opencv2\videostab\fast_marching.hpp">
      <Filter>addons\ofxOpenCv2.4.7\libs\opencv\include\opencv2\videostab</Filter>
    </ClInclude>
    <ClInclude Include="..\..\..\addons\ofxOpenCv2.4.7\libs\opencv\include\opencv2\videostab\fast_marching_inl.hpp">
      <Filter>addons\ofxOpenCv2.4.7\libs\opencv\include\opencv2\videostab</Filter>
    </ClInclude>
    <ClInclude Include="..\..\..\addons\ofxOpenCv2.4.7\libs\opencv\include\opencv2\videostab\frame_source.hpp">
      <Filter>addons\ofxOpenCv2.4.7\libs\opencv\include\opencv2\videostab</Filter>
    </ClInclude>
    <ClInclude Include="..\..\..\addons\ofxOpenCv2.4.7\libs\opencv\include\opencv2\videostab\global_motion.hpp">
      <Filter>addons\ofxOpenCv2.4.7\libs\opencv\include\opencv2\videostab</Filter>
    </ClInclude>
    <ClInclude Include="..\..\..\addons\ofxOpenCv2.4.7\libs\opencv\include\opencv2\videostab\inpainting.hpp">
      <Filter>addons\ofxOpenCv2.4.7\libs\opencv\include\opencv2\videostab</Filter>
    </ClInclude>
    <ClInclude Include="..\..\..\addons\ofxOpenCv2.4.7\libs\opencv\include\opencv2\videostab\log.hpp">
      <Filter>addons\ofxOpenCv2.4.7\libs\opencv\include\opencv2\videostab</Filter>
    </ClInclude>
    <ClInclude Include="..\..\..\addons\ofxOpenCv2.4.7\libs\opencv\include\opencv2\videostab\motion_stabilizing.hpp">
      <Filter>addons\ofxOpenCv2.4.7\libs\opencv\include\opencv2\videostab</Filter>
    </ClInclude>
    <ClInclude Include="..\..\..\addons\ofxOpenCv2.4.7\libs\opencv\include\opencv2\videostab\optical_flow.hpp">
      <Filter>addons\ofxOpenCv2.4.7\libs\opencv\include\opencv2\videostab</Filter>
    </ClInclude>
    <ClInclude Include="..\..\..\addons\ofxOpenCv2.4.7\libs\opencv\include\opencv2\videostab\stabilizer.hpp">
      <Filter>addons\ofxOpenCv2.4.7\libs\opencv\include\opencv2\videostab</Filter>
    </ClInclude>
    <ClInclude Include="..\..\..\addons\ofxOpenCv2.4.7\libs\opencv\include\opencv2\videostab\videostab.hpp">
      <Filter>addons\ofxOpenCv2.4.7\libs\opencv\include\opencv2\videostab</Filter>
    </ClInclude>
    <ClInclude Include="..\..\..\addons\ofxOpenCv2.4.7\libs\OpenCv2.4.7_includes.h">
      <Filter>addons\ofxOpenCv2.4.7\libs</Filter>
    </ClInclude>
    <ClInclude Include="..\..\..\addons\ofxUI\src\ofxUI.h">
      <Filter>addons\ofxUI\src</Filter>
    </ClInclude>
    <ClInclude Include="..\..\..\addons\ofxUI\src\ofxUI2DPad.h">
      <Filter>addons\ofxUI\src</Filter>
    </ClInclude>
    <ClInclude Include="..\..\..\addons\ofxUI\src\ofxUIBaseDraws.h">
      <Filter>addons\ofxUI\src</Filter>
    </ClInclude>
    <ClInclude Include="..\..\..\addons\ofxUI\src\ofxUIBiLabelSlider.h">
      <Filter>addons\ofxUI\src</Filter>
    </ClInclude>
    <ClInclude Include="..\..\..\addons\ofxUI\src\ofxUIButton.h">
      <Filter>addons\ofxUI\src</Filter>
    </ClInclude>
    <ClInclude Include="..\..\..\addons\ofxUI\src\ofxUICanvas.h">
      <Filter>addons\ofxUI\src</Filter>
    </ClInclude>
    <ClInclude Include="..\..\..\addons\ofxUI\src\ofxUICircleSlider.h">
      <Filter>addons\ofxUI\src</Filter>
    </ClInclude>
    <ClInclude Include="..\..\..\addons\ofxUI\src\ofxUICustomImageButton.h">
      <Filter>addons\ofxUI\src</Filter>
    </ClInclude>
    <ClInclude Include="..\..\..\addons\ofxUI\src\ofxUIDropDownList.h">
      <Filter>addons\ofxUI\src</Filter>
    </ClInclude>
    <ClInclude Include="..\..\..\addons\ofxUI\src\ofxUIEventArgs.h">
      <Filter>addons\ofxUI\src</Filter>
    </ClInclude>
    <ClInclude Include="..\..\..\addons\ofxUI\src\ofxUIFPS.h">
      <Filter>addons\ofxUI\src</Filter>
    </ClInclude>
    <ClInclude Include="..\..\..\addons\ofxUI\src\ofxUIFPSSlider.h">
      <Filter>addons\ofxUI\src</Filter>
    </ClInclude>
    <ClInclude Include="..\..\..\addons\ofxUI\src\ofxUIImage.h">
      <Filter>addons\ofxUI\src</Filter>
    </ClInclude>
    <ClInclude Include="..\..\..\addons\ofxUI\src\ofxUIImageButton.h">
      <Filter>addons\ofxUI\src</Filter>
    </ClInclude>
    <ClInclude Include="..\..\..\addons\ofxUI\src\ofxUIImageSampler.h">
      <Filter>addons\ofxUI\src</Filter>
    </ClInclude>
    <ClInclude Include="..\..\..\addons\ofxUI\src\ofxUIImageSlider.h">
      <Filter>addons\ofxUI\src</Filter>
    </ClInclude>
    <ClInclude Include="..\..\..\addons\ofxUI\src\ofxUIImageToggle.h">
      <Filter>addons\ofxUI\src</Filter>
    </ClInclude>
    <ClInclude Include="..\..\..\addons\ofxUI\src\ofxUILabel.h">
      <Filter>addons\ofxUI\src</Filter>
    </ClInclude>
    <ClInclude Include="..\..\..\addons\ofxUI\src\ofxUILabelButton.h">
      <Filter>addons\ofxUI\src</Filter>
    </ClInclude>
    <ClInclude Include="..\..\..\addons\ofxUI\src\ofxUILabelToggle.h">
      <Filter>addons\ofxUI\src</Filter>
    </ClInclude>
    <ClInclude Include="..\..\..\addons\ofxUI\src\ofxUIMinimalSlider.h">
      <Filter>addons\ofxUI\src</Filter>
    </ClInclude>
    <ClInclude Include="..\..\..\addons\ofxUI\src\ofxUIMovingGraph.h">
      <Filter>addons\ofxUI\src</Filter>
    </ClInclude>
    <ClInclude Include="..\..\..\addons\ofxUI\src\ofxUIMultiImageButton.h">
      <Filter>addons\ofxUI\src</Filter>
    </ClInclude>
    <ClInclude Include="..\..\..\addons\ofxUI\src\ofxUIMultiImageSlider.h">
      <Filter>addons\ofxUI\src</Filter>
    </ClInclude>
    <ClInclude Include="..\..\..\addons\ofxUI\src\ofxUIMultiImageToggle.h">
      <Filter>addons\ofxUI\src</Filter>
    </ClInclude>
    <ClInclude Include="..\..\..\addons\ofxUI\src\ofxUINumberDialer.h">
      <Filter>addons\ofxUI\src</Filter>
    </ClInclude>
    <ClInclude Include="..\..\..\addons\ofxUI\src\ofxUIRadio.h">
      <Filter>addons\ofxUI\src</Filter>
    </ClInclude>
    <ClInclude Include="..\..\..\addons\ofxUI\src\ofxUIRangeSlider.h">
      <Filter>addons\ofxUI\src</Filter>
    </ClInclude>
    <ClInclude Include="..\..\..\addons\ofxUI\src\ofxUIRectangle.h">
      <Filter>addons\ofxUI\src</Filter>
    </ClInclude>
    <ClInclude Include="..\..\..\addons\ofxUI\src\ofxUIRotarySlider.h">
      <Filter>addons\ofxUI\src</Filter>
    </ClInclude>
    <ClInclude Include="..\..\..\addons\ofxUI\src\ofxUIScrollableCanvas.h">
      <Filter>addons\ofxUI\src</Filter>
    </ClInclude>
    <ClInclude Include="..\..\..\addons\ofxUI\src\ofxUISlider.h">
      <Filter>addons\ofxUI\src</Filter>
    </ClInclude>
    <ClInclude Include="..\..\..\addons\ofxUI\src\ofxUISpacer.h">
      <Filter>addons\ofxUI\src</Filter>
    </ClInclude>
    <ClInclude Include="..\..\..\addons\ofxUI\src\ofxUISpectrum.h">
      <Filter>addons\ofxUI\src</Filter>
    </ClInclude>
    <ClInclude Include="..\..\..\addons\ofxUI\src\ofxUITextArea.h">
      <Filter>addons\ofxUI\src</Filter>
    </ClInclude>
    <ClInclude Include="..\..\..\addons\ofxUI\src\ofxUITextInput.h">
      <Filter>addons\ofxUI\src</Filter>
    </ClInclude>
    <ClInclude Include="..\..\..\addons\ofxUI\src\ofxUIToggle.h">
      <Filter>addons\ofxUI\src</Filter>
    </ClInclude>
    <ClInclude Include="..\..\..\addons\ofxUI\src\ofxUIToggleMatrix.h">
      <Filter>addons\ofxUI\src</Filter>
    </ClInclude>
    <ClInclude Include="..\..\..\addons\ofxUI\src\ofxUIWaveform.h">
      <Filter>addons\ofxUI\src</Filter>
    </ClInclude>
    <ClInclude Include="..\..\..\addons\ofxUI\src\ofxUIWidget.h">
      <Filter>addons\ofxUI\src</Filter>
    </ClInclude>
    <ClInclude Include="..\..\..\addons\ofxUI\src\ofxUIWidgetWithLabel.h">
      <Filter>addons\ofxUI\src</Filter>
    </ClInclude>
    <ClInclude Include="..\..\..\addons\ofxXmlSettings\src\ofxXmlSettings.h">
      <Filter>addons\ofxXmlSettings\src</Filter>
    </ClInclude>
    <ClInclude Include="..\..\..\addons\ofxXmlSettings\libs\tinyxml.h">
      <Filter>addons\ofxXmlSettings\libs</Filter>
    </ClInclude>
    <ClInclude Include="src\parameters.h">
      <Filter>src\Matching</Filter>
    </ClInclude>
    <ClInclude Include="src\stdint.h">
      <Filter>src\Matching</Filter>
    </ClInclude>
    <ClInclude Include="src\agast\agast5_8.h">
      <Filter>src\AGAST</Filter>
    </ClInclude>
    <ClInclude Include="src\agast\agast7_12d.h">
      <Filter>src\AGAST</Filter>
    </ClInclude>
    <ClInclude Include="src\agast\agast7_12s.h">
      <Filter>src\AGAST</Filter>
    </ClInclude>
    <ClInclude Include="src\agast\AstDetector.h">
      <Filter>src\AGAST</Filter>
    </ClInclude>
    <ClInclude Include="src\agast\cvWrapper.h">
      <Filter>src\AGAST</Filter>
    </ClInclude>
    <ClInclude Include="src\agast\oast9_16.h">
      <Filter>src\AGAST</Filter>
    </ClInclude>
    <ClInclude Include="src\brisk\brisk.h">
      <Filter>src\BRISK</Filter>
    </ClInclude>
    <ClInclude Include="src\freak\freak.h">
      <Filter>src\FREAK</Filter>
    </ClInclude>
  </ItemGroup>
</Project>